
Microsoft Visual Studio Solution File, Format Version 12.00
# Visual Studio Version 17
VisualStudioVersion = 17.14.36109.1 d17.14
MinimumVisualStudioVersion = 10.0.40219.1
Project("{FAE04EC0-301F-11D3-BF4B-00C04F79EFBC}") = "GeoPagos", "GeoPagos\GeoPagos.csproj", "{13DB3475-4DBF-4664-BE01-B8DFCE3C9237}"
EndProject
Project("{2150E333-8FDC-42A3-9474-1A3956D46DE8}") = "Api", "Api", "{02EA681E-C7D8-13C7-8484-4AC65E1B71E8}"
EndProject
Project("{FAE04EC0-301F-11D3-BF4B-00C04F79EFBC}") = "DAL", "DAL\DAL.csproj", "{3AFE4A28-255B-4919-8192-BD6C883CA745}"
EndProject
Project("{FAE04EC0-301F-11D3-BF4B-00C04F79EFBC}") = "Common", "Common\Common.csproj", "{DEF858EE-5FE2-47BD-A66E-A31953AEF854}"
EndProject
Project("{FAE04EC0-301F-11D3-BF4B-00C04F79EFBC}") = "Domain", "Domain\Domain.csproj", "{4335AD62-1CCD-43CF-9A9D-70EF36245728}"
EndProject
Project("{FAE04EC0-301F-11D3-BF4B-00C04F79EFBC}") = "Services", "Services\Services.csproj", "{D7AB11CE-CACE-40C5-9BF5-A983C65F44E1}"
EndProject
Project("{FAE04EC0-301F-11D3-BF4B-00C04F79EFBC}") = "DTOs", "DTOs\DTOs.csproj", "{4C651E1C-ABAF-4162-873B-30A2B04E2BE1}"
EndProject
Project("{FAE04EC0-301F-11D3-BF4B-00C04F79EFBC}") = "Tests", "Tests\Tests.csproj", "{38556D8B-F9FA-4585-BFAE-A4A45FDE857F}"
EndProject
Global
	GlobalSection(SolutionConfigurationPlatforms) = preSolution
		Debug|Any CPU = Debug|Any CPU
		Release|Any CPU = Release|Any CPU
	EndGlobalSection
	GlobalSection(ProjectConfigurationPlatforms) = postSolution
		{13DB3475-4DBF-4664-BE01-B8DFCE3C9237}.Debug|Any CPU.ActiveCfg = Debug|Any CPU
		{13DB3475-4DBF-4664-BE01-B8DFCE3C9237}.Debug|Any CPU.Build.0 = Debug|Any CPU
		{13DB3475-4DBF-4664-BE01-B8DFCE3C9237}.Release|Any CPU.ActiveCfg = Release|Any CPU
		{13DB3475-4DBF-4664-BE01-B8DFCE3C9237}.Release|Any CPU.Build.0 = Release|Any CPU
		{3AFE4A28-255B-4919-8192-BD6C883CA745}.Debug|Any CPU.ActiveCfg = Debug|Any CPU
		{3AFE4A28-255B-4919-8192-BD6C883CA745}.Debug|Any CPU.Build.0 = Debug|Any CPU
		{3AFE4A28-255B-4919-8192-BD6C883CA745}.Release|Any CPU.ActiveCfg = Release|Any CPU
		{3AFE4A28-255B-4919-8192-BD6C883CA745}.Release|Any CPU.Build.0 = Release|Any CPU
		{DEF858EE-5FE2-47BD-A66E-A31953AEF854}.Debug|Any CPU.ActiveCfg = Debug|Any CPU
		{DEF858EE-5FE2-47BD-A66E-A31953AEF854}.Debug|Any CPU.Build.0 = Debug|Any CPU
		{DEF858EE-5FE2-47BD-A66E-A31953AEF854}.Release|Any CPU.ActiveCfg = Release|Any CPU
		{DEF858EE-5FE2-47BD-A66E-A31953AEF854}.Release|Any CPU.Build.0 = Release|Any CPU
		{4335AD62-1CCD-43CF-9A9D-70EF36245728}.Debug|Any CPU.ActiveCfg = Debug|Any CPU
		{4335AD62-1CCD-43CF-9A9D-70EF36245728}.Debug|Any CPU.Build.0 = Debug|Any CPU
		{4335AD62-1CCD-43CF-9A9D-70EF36245728}.Release|Any CPU.ActiveCfg = Release|Any CPU
		{4335AD62-1CCD-43CF-9A9D-70EF36245728}.Release|Any CPU.Build.0 = Release|Any CPU
		{D7AB11CE-CACE-40C5-9BF5-A983C65F44E1}.Debug|Any CPU.ActiveCfg = Debug|Any CPU
		{D7AB11CE-CACE-40C5-9BF5-A983C65F44E1}.Debug|Any CPU.Build.0 = Debug|Any CPU
		{D7AB11CE-CACE-40C5-9BF5-A983C65F44E1}.Release|Any CPU.ActiveCfg = Release|Any CPU
		{D7AB11CE-CACE-40C5-9BF5-A983C65F44E1}.Release|Any CPU.Build.0 = Release|Any CPU
		{4C651E1C-ABAF-4162-873B-30A2B04E2BE1}.Debug|Any CPU.ActiveCfg = Debug|Any CPU
		{4C651E1C-ABAF-4162-873B-30A2B04E2BE1}.Debug|Any CPU.Build.0 = Debug|Any CPU
		{4C651E1C-ABAF-4162-873B-30A2B04E2BE1}.Release|Any CPU.ActiveCfg = Release|Any CPU
		{4C651E1C-ABAF-4162-873B-30A2B04E2BE1}.Release|Any CPU.Build.0 = Release|Any CPU
		{38556D8B-F9FA-4585-BFAE-A4A45FDE857F}.Debug|Any CPU.ActiveCfg = Debug|Any CPU
		{38556D8B-F9FA-4585-BFAE-A4A45FDE857F}.Debug|Any CPU.Build.0 = Debug|Any CPU
		{38556D8B-F9FA-4585-BFAE-A4A45FDE857F}.Release|Any CPU.ActiveCfg = Release|Any CPU
		{38556D8B-F9FA-4585-BFAE-A4A45FDE857F}.Release|Any CPU.Build.0 = Release|Any CPU
	EndGlobalSection
	GlobalSection(SolutionProperties) = preSolution
		HideSolutionNode = FALSE
	EndGlobalSection
	GlobalSection(NestedProjects) = preSolution
		{13DB3475-4DBF-4664-BE01-B8DFCE3C9237} = {02EA681E-C7D8-13C7-8484-4AC65E1B71E8}
	EndGlobalSection
	GlobalSection(ExtensibilityGlobals) = postSolution
		SolutionGuid = {6A46E605-7CF4-4AC8-81C3-F190EE218345}
	EndGlobalSection
EndGlobal
